# This file is automatically @generated by Cargo.
# It is not intended for manual editing.
[[package]]
name = "bytecount"
version = "0.6.0"
source = "registry+https://github.com/rust-lang/crates.io-index"

[[package]]
name = "day08a"
version = "0.1.0"
dependencies = [
 "bytecount 0.6.0 (registry+https://github.com/rust-lang/crates.io-index)",
]

[metadata]
"checksum bytecount 0.6.0 (registry+https://github.com/rust-lang/crates.io-index)" = "b0017894339f586ccb943b01b9555de56770c11cda818e7e3d8bd93f4ed7f46e"
